{
  "name": "hiit-timer",
  "version": "1.0.0",
  "lockfileVersion": 1,
  "requires": true,
  "dependencies": {
    "detect-element-overflow": {
      "version": "1.1.1",
      "resolved": "https://registry.npmjs.org/detect-element-overflow/-/detect-element-overflow-1.1.1.tgz",
      "integrity": "sha512-07f/EWuaPHU2JqPLg1JPuNaf47h+A5dt70EHO+X+U1zzSuAsgmI5qAU3kP1bCMICYmuvMrcqEZOIxiLB9d8zdg=="
    },
    "get-user-locale": {
      "version": "1.1.1",
      "resolved": "https://registry.npmjs.org/get-user-locale/-/get-user-locale-1.1.1.tgz",
      "integrity": "sha512-KuA+vMhsY+rSPK8hrmOvf7xXIMTs+L06RkgZ83jawZHSEqPLafZtQ63d3waXW3r8z6EQ49I/trraNncWM+s/2g==",
      "requires": {
        "lodash.once": "^4.1.1"
      }
    },
    "js-tokens": {
      "version": "4.0.0",
      "resolved": "https://registry.npmjs.org/js-tokens/-/js-tokens-4.0.0.tgz",
      "integrity": "sha512-RdJUflcE3cUzKiMqQgsCu06FPu9UdIJO0beYbPhHN4k6apgJtifcoCtT9bcxOpYBtpD2kCM6Sbzg4CausW/PKQ=="
    },
    "lodash.once": {
      "version": "4.1.1",
      "resolved": "https://registry.npmjs.org/lodash.once/-/lodash.once-4.1.1.tgz",
      "integrity": "sha1-DdOXEhPHxW34gJd9UEyI+0cal6w="
    },
    "loose-envify": {
      "version": "1.4.0",
      "resolved": "https://registry.npmjs.org/loose-envify/-/loose-envify-1.4.0.tgz",
      "integrity": "sha512-lyuxPGr/Wfhrlem2CL/UcnUc1zcqKAImBDzukY7Y5F/yQiNdko6+fRLevlw1HgMySw7f611UIY408EtxRSoK3Q==",
      "requires": {
        "js-tokens": "^3.0.0 || ^4.0.0"
      }
    },
    "make-event-props": {
      "version": "1.2.0",
      "resolved": "https://registry.npmjs.org/make-event-props/-/make-event-props-1.2.0.tgz",
      "integrity": "sha512-BmWFkm/jZzVH9A0tEBdkjAARUz/eha+5IRyfOndeSMKRadkgR5DawoBHoRwLxkYmjJOI5bHkXKpaZocxj+dKgg=="
    },
    "merge-class-names": {
      "version": "1.2.0",
      "resolved": "https://registry.npmjs.org/merge-class-names/-/merge-class-names-1.2.0.tgz",
      "integrity": "sha512-ifHxhC8DojHT1rG3PHCaJYInUqPd0WO+PxsaYDMkgy7RzfyOFtnlpr/hbhki+m/3R/ujIRVnZkD/AHjgjb5uhg=="
    },
    "object-assign": {
      "version": "4.1.1",
      "resolved": "https://registry.npmjs.org/object-assign/-/object-assign-4.1.1.tgz",
      "integrity": "sha1-IQmtx5ZYh8/AXLvUQsrIv7s2CGM="
    },
    "prop-types": {
      "version": "15.7.2",
      "resolved": "https://registry.npmjs.org/prop-types/-/prop-types-15.7.2.tgz",
      "integrity": "sha512-8QQikdH7//R2vurIJSutZ1smHYTcLpRWEOlHnzcWHmBYrOGUysKwSsrC89BCiFj3CbrfJ/nXFdJepOVrY1GCHQ==",
      "requires": {
        "loose-envify": "^1.4.0",
        "object-assign": "^4.1.1",
        "react-is": "^16.8.1"
      }
    },
    "react-clock": {
      "version": "2.3.0",
      "resolved": "https://registry.npmjs.org/react-clock/-/react-clock-2.3.0.tgz",
      "integrity": "sha1-3lwyjHvc7Fg0jaXCzNjYyk/BC3Y=",
      "requires": {
        "merge-class-names": "^1.1.1",
        "prop-types": "^15.6.0"
      }
    },
    "react-fit": {
      "version": "1.0.5",
      "resolved": "https://registry.npmjs.org/react-fit/-/react-fit-1.0.5.tgz",
      "integrity": "sha512-TTR/nfFi0d+pJ1ukoKXjd22a9dVbAXFf7IVjny3RIzoI7gt4y26jHds8GHY8jWRy3kDNpQyrC70JOVnkmxoebw==",
      "requires": {
        "detect-element-overflow": "^1.1.1",
        "prop-types": "^15.6.0"
      }
    },
    "react-is": {
      "version": "16.8.6",
      "resolved": "https://registry.npmjs.org/react-is/-/react-is-16.8.6.tgz",
      "integrity": "sha512-aUk3bHfZ2bRSVFFbbeVS4i+lNPZr3/WM5jT2J5omUVV1zzcs1nAaf3l51ctA5FFvCRbhrH0bdAsRRQddFJZPtA=="
    },
    "react-lifecycles-compat": {
      "version": "3.0.4",
      "resolved": "https://registry.npmjs.org/react-lifecycles-compat/-/react-lifecycles-compat-3.0.4.tgz",
      "integrity": "sha512-fBASbA6LnOU9dOU2eW7aQ8xmYBSXUIWr+UmF9b1efZBazGNO+rcXT/icdKnYm2pTwcRylVUYwW7H1PHfLekVzA=="
    },
    "react-time-picker": {
      "version": "3.6.1",
      "resolved": "https://registry.npmjs.org/react-time-picker/-/react-time-picker-3.6.1.tgz",
      "integrity": "sha512-CyIB1njUH5Bea1ObkuSoSDPT/XrfF4/PLPru1S4AvF6Znt88nNDu8eNqt851fAoNYP0aj5zyAkZN0k640DvfQQ==",
      "requires": {
        "get-user-locale": "^1.1.1",
        "make-event-props": "^1.1.0",
        "merge-class-names": "^1.1.1",
        "prop-types": "^15.6.0",
        "react-clock": "^2.3.0",
        "react-fit": "^1.0.3",
        "react-lifecycles-compat": "^3.0.4",
        "update-input-width": "^1.0.1"
      }
    },
    "update-input-width": {
      "version": "1.0.1",
      "resolved": "https://registry.npmjs.org/update-input-width/-/update-input-width-1.0.1.tgz",
      "integrity": "sha512-RejZ4/tYUZwaudPbSD4pOW5sYXKFI6bvHc+nb8z8GUdixxbQm2391IguMa8eYMraBs8hdVQMUXeseDbfs77Anw=="
    }
  }
}
